
Microsoft Visual Studio Solution File, Format Version 12.00
# Visual Studio Version 16
VisualStudioVersion = 16.0.31321.278
MinimumVisualStudioVersion = 10.0.40219.1
Project("{FAE04EC0-301F-11D3-BF4B-00C04F79EFBC}") = "BS_MVC_GIT_EX", "BS_MVC_GIT_EX\BS_MVC_GIT_EX.csproj", "{12193530-BFC3-4601-AA65-91CD66994E18}"
EndProject
Global
	GlobalSection(SolutionConfigurationPlatforms) = preSolution
		Debug|Any CPU = Debug|Any CPU
		Release|Any CPU = Release|Any CPU
	EndGlobalSection
	GlobalSection(ProjectConfigurationPlatforms) = postSolution
		{12193530-BFC3-4601-AA65-91CD66994E18}.Debug|Any CPU.ActiveCfg = Debug|Any CPU
		{12193530-BFC3-4601-AA65-91CD66994E18}.Debug|Any CPU.Build.0 = Debug|Any CPU
		{12193530-BFC3-4601-AA65-91CD66994E18}.Release|Any CPU.ActiveCfg = Release|Any CPU
		{12193530-BFC3-4601-AA65-91CD66994E18}.Release|Any CPU.Build.0 = Release|Any CPU
	EndGlobalSection
	GlobalSection(SolutionProperties) = preSolution
		HideSolutionNode = FALSE
	EndGlobalSection
	GlobalSection(ExtensibilityGlobals) = postSolution
		SolutionGuid = {B8FFD9F3-F159-4129-A1BC-E97174CA89B0}
	EndGlobalSection
EndGlobal
